
Microsoft Visual Studio Solution File, Format Version 12.00
# Visual Studio Version 17
VisualStudioVersion = 17.13.35818.85 d17.13
MinimumVisualStudioVersion = 10.0.40219.1
Project("{FAE04EC0-301F-11D3-BF4B-00C04F79EFBC}") = "BankingSystemApplication", "BankingSystemApplication.csproj", "{72A112C1-6EAB-4C6D-859C-A9781AEE1583}"
EndProject
Project("{FAE04EC0-301F-11D3-BF4B-00C04F79EFBC}") = "BankingSystemApplication.Tests", "..\BankingSystemApplication.Tests\BankingSystemApplication.Tests.csproj", "{48658817-D4A5-4063-89C1-194268B450A9}"
EndProject
Global
	GlobalSection(SolutionConfigurationPlatforms) = preSolution
		Debug|Any CPU = Debug|Any CPU
		Release|Any CPU = Release|Any CPU
	EndGlobalSection
	GlobalSection(ProjectConfigurationPlatforms) = postSolution
		{72A112C1-6EAB-4C6D-859C-A9781AEE1583}.Debug|Any CPU.ActiveCfg = Debug|Any CPU
		{72A112C1-6EAB-4C6D-859C-A9781AEE1583}.Debug|Any CPU.Build.0 = Debug|Any CPU
		{72A112C1-6EAB-4C6D-859C-A9781AEE1583}.Release|Any CPU.ActiveCfg = Release|Any CPU
		{72A112C1-6EAB-4C6D-859C-A9781AEE1583}.Release|Any CPU.Build.0 = Release|Any CPU
		{48658817-D4A5-4063-89C1-194268B450A9}.Debug|Any CPU.ActiveCfg = Debug|Any CPU
		{48658817-D4A5-4063-89C1-194268B450A9}.Debug|Any CPU.Build.0 = Debug|Any CPU
		{48658817-D4A5-4063-89C1-194268B450A9}.Release|Any CPU.ActiveCfg = Release|Any CPU
		{48658817-D4A5-4063-89C1-194268B450A9}.Release|Any CPU.Build.0 = Release|Any CPU
	EndGlobalSection
	GlobalSection(SolutionProperties) = preSolution
		HideSolutionNode = FALSE
	EndGlobalSection
	GlobalSection(ExtensibilityGlobals) = postSolution
		SolutionGuid = {C994122C-5AF7-4885-918F-5211C39BDDF0}
	EndGlobalSection
EndGlobal
